
Microsoft Visual Studio Solution File, Format Version 12.00
# Visual Studio 14
VisualStudioVersion = 14.0.25420.1
MinimumVisualStudioVersion = 10.0.40219.1
Project("{FAE04EC0-301F-11D3-BF4B-00C04F79EFBC}") = "BigShools", "BigShools\BigShools.csproj", "{1BC3F2D2-0864-4D4D-BF05-5EBF977928FC}"
EndProject
Global
	GlobalSection(SolutionConfigurationPlatforms) = preSolution
		Debug|Any CPU = Debug|Any CPU
		Release|Any CPU = Release|Any CPU
	EndGlobalSection
	GlobalSection(ProjectConfigurationPlatforms) = postSolution
		{1BC3F2D2-0864-4D4D-BF05-5EBF977928FC}.Debug|Any CPU.ActiveCfg = Debug|Any CPU
		{1BC3F2D2-0864-4D4D-BF05-5EBF977928FC}.Debug|Any CPU.Build.0 = Debug|Any CPU
		{1BC3F2D2-0864-4D4D-BF05-5EBF977928FC}.Release|Any CPU.ActiveCfg = Release|Any CPU
		{1BC3F2D2-0864-4D4D-BF05-5EBF977928FC}.Release|Any CPU.Build.0 = Release|Any CPU
	EndGlobalSection
	GlobalSection(SolutionProperties) = preSolution
		HideSolutionNode = FALSE
	EndGlobalSection
EndGlobal
